// !$*UTF8*$!
{
	archiveVersion = 1;
	classes = {
	};
	objectVersion = 56;
	objects = {

/* Begin PBXBuildFile section */
		0647949E29C073A6001B40C0 /* MainCollectionViewCell.swift in Sources */ = {isa = PBXBuildFile; fileRef = 0647949C29C073A6001B40C0 /* MainCollectionViewCell.swift */; };
		0647949F29C073A6001B40C0 /* MainCollectionViewCell.xib in Resources */ = {isa = PBXBuildFile; fileRef = 0647949D29C073A6001B40C0 /* MainCollectionViewCell.xib */; };
		064794A329C15623001B40C0 /* MovieModel.swift in Sources */ = {isa = PBXBuildFile; fileRef = 064794A229C15623001B40C0 /* MovieModel.swift */; };
		064794A529C157D3001B40C0 /* NetworkLayer.swift in Sources */ = {isa = PBXBuildFile; fileRef = 064794A429C157D3001B40C0 /* NetworkLayer.swift */; };
		06567F7A29C16A69000ABF0D /* TypeInfo.swift in Sources */ = {isa = PBXBuildFile; fileRef = 06567F7929C16A69000ABF0D /* TypeInfo.swift */; };
		06567F7C29C19C3F000ABF0D /* MainTableViewHeaderView.swift in Sources */ = {isa = PBXBuildFile; fileRef = 06567F7B29C19C3F000ABF0D /* MainTableViewHeaderView.swift */; };
		06567F8029C1A4C6000ABF0D /* SubCell.swift in Sources */ = {isa = PBXBuildFile; fileRef = 06567F7F29C1A4C6000ABF0D /* SubCell.swift */; };
		06567F8429C1C78F000ABF0D /* DateHeaderView.swift in Sources */ = {isa = PBXBuildFile; fileRef = 06567F8329C1C78F000ABF0D /* DateHeaderView.swift */; };
		06567F8629C2BF1B000ABF0D /* SubNaviViewController.swift in Sources */ = {isa = PBXBuildFile; fileRef = 06567F8529C2BF1B000ABF0D /* SubNaviViewController.swift */; };
		06567F8C29C2D79A000ABF0D /* DetailViewController.swift in Sources */ = {isa = PBXBuildFile; fileRef = 06567F8A29C2D79A000ABF0D /* DetailViewController.swift */; };
		06567F8D29C2D79A000ABF0D /* DetailViewController.xib in Resources */ = {isa = PBXBuildFile; fileRef = 06567F8B29C2D79A000ABF0D /* DetailViewController.xib */; };
		065C40D729C0515D00AD1FC9 /* MainNaviViewController.swift in Sources */ = {isa = PBXBuildFile; fileRef = 065C40D629C0515D00AD1FC9 /* MainNaviViewController.swift */; };
		065C40DB29C0658800AD1FC9 /* MainTableHeaderView.swift in Sources */ = {isa = PBXBuildFile; fileRef = 065C40DA29C0658800AD1FC9 /* MainTableHeaderView.swift */; };
		065C40E029C070F200AD1FC9 /* MainCell.swift in Sources */ = {isa = PBXBuildFile; fileRef = 065C40DE29C070F200AD1FC9 /* MainCell.swift */; };
		065C40E129C070F200AD1FC9 /* MainCell.xib in Resources */ = {isa = PBXBuildFile; fileRef = 065C40DF29C070F200AD1FC9 /* MainCell.xib */; };
		06F2479529C03BA000932DFC /* AppDelegate.swift in Sources */ = {isa = PBXBuildFile; fileRef = 06F2479429C03BA000932DFC /* AppDelegate.swift */; };
		06F2479729C03BA000932DFC /* SceneDelegate.swift in Sources */ = {isa = PBXBuildFile; fileRef = 06F2479629C03BA000932DFC /* SceneDelegate.swift */; };
		06F2479929C03BA000932DFC /* MainViewController.swift in Sources */ = {isa = PBXBuildFile; fileRef = 06F2479829C03BA000932DFC /* MainViewController.swift */; };
		06F2479C29C03BA000932DFC /* TabMain.storyboard in Resources */ = {isa = PBXBuildFile; fileRef = 06F2479A29C03BA000932DFC /* TabMain.storyboard */; };
		06F2479E29C03BA100932DFC /* Assets.xcassets in Resources */ = {isa = PBXBuildFile; fileRef = 06F2479D29C03BA100932DFC /* Assets.xcassets */; };
		06F247A129C03BA100932DFC /* LaunchScreen.storyboard in Resources */ = {isa = PBXBuildFile; fileRef = 06F2479F29C03BA100932DFC /* LaunchScreen.storyboard */; };
		06F247AC29C03BA100932DFC /* NetfilxCloneTests.swift in Sources */ = {isa = PBXBuildFile; fileRef = 06F247AB29C03BA100932DFC /* NetfilxCloneTests.swift */; };
		06F247B629C03BA100932DFC /* NetfilxCloneUITests.swift in Sources */ = {isa = PBXBuildFile; fileRef = 06F247B529C03BA100932DFC /* NetfilxCloneUITests.swift */; };
		06F247B829C03BA100932DFC /* NetfilxCloneUITestsLaunchTests.swift in Sources */ = {isa = PBXBuildFile; fileRef = 06F247B729C03BA100932DFC /* NetfilxCloneUITestsLaunchTests.swift */; };
		06F247C829C03ED700932DFC /* Main.storyboard in Resources */ = {isa = PBXBuildFile; fileRef = 06F247C729C03ED700932DFC /* Main.storyboard */; };
		06F247CA29C03F0C00932DFC /* SubViewController.swift in Sources */ = {isa = PBXBuildFile; fileRef = 06F247C929C03F0C00932DFC /* SubViewController.swift */; };
		06F247CC29C03F1F00932DFC /* Sub.storyboard in Resources */ = {isa = PBXBuildFile; fileRef = 06F247CB29C03F1F00932DFC /* Sub.storyboard */; };
		06F247D029C0405000932DFC /* TabMainViewController.swift in Sources */ = {isa = PBXBuildFile; fileRef = 06F247CF29C0405000932DFC /* TabMainViewController.swift */; };
/* End PBXBuildFile section */

/* Begin PBXContainerItemProxy section */
		06F247A829C03BA100932DFC /* PBXContainerItemProxy */ = {
			isa = PBXContainerItemProxy;
			containerPortal = 06F2478929C03BA000932DFC /* Project object */;
			proxyType = 1;
			remoteGlobalIDString = 06F2479029C03BA000932DFC;
			remoteInfo = NetfilxClone;
		};
		06F247B229C03BA100932DFC /* PBXContainerItemProxy */ = {
			isa = PBXContainerItemProxy;
			containerPortal = 06F2478929C03BA000932DFC /* Project object */;
			proxyType = 1;
			remoteGlobalIDString = 06F2479029C03BA000932DFC;
			remoteInfo = NetfilxClone;
		};
/* End PBXContainerItemProxy section */

/* Begin PBXFileReference section */
		0647949C29C073A6001B40C0 /* MainCollectionViewCell.swift */ = {isa = PBXFileReference; lastKnownFileType = sourcecode.swift; path = MainCollectionViewCell.swift; sourceTree = "<group>"; };
		0647949D29C073A6001B40C0 /* MainCollectionViewCell.xib */ = {isa = PBXFileReference; lastKnownFileType = file.xib; path = MainCollectionViewCell.xib; sourceTree = "<group>"; };
		064794A229C15623001B40C0 /* MovieModel.swift */ = {isa = PBXFileReference; lastKnownFileType = sourcecode.swift; path = MovieModel.swift; sourceTree = "<group>"; };
		064794A429C157D3001B40C0 /* NetworkLayer.swift */ = {isa = PBXFileReference; lastKnownFileType = sourcecode.swift; path = NetworkLayer.swift; sourceTree = "<group>"; };
		06567F7929C16A69000ABF0D /* TypeInfo.swift */ = {isa = PBXFileReference; lastKnownFileType = sourcecode.swift; path = TypeInfo.swift; sourceTree = "<group>"; };
		06567F7B29C19C3F000ABF0D /* MainTableViewHeaderView.swift */ = {isa = PBXFileReference; lastKnownFileType = sourcecode.swift; path = MainTableViewHeaderView.swift; sourceTree = "<group>"; };
		06567F7F29C1A4C6000ABF0D /* SubCell.swift */ = {isa = PBXFileReference; lastKnownFileType = sourcecode.swift; path = SubCell.swift; sourceTree = "<group>"; };
		06567F8329C1C78F000ABF0D /* DateHeaderView.swift */ = {isa = PBXFileReference; lastKnownFileType = sourcecode.swift; path = DateHeaderView.swift; sourceTree = "<group>"; };
		06567F8529C2BF1B000ABF0D /* SubNaviViewController.swift */ = {isa = PBXFileReference; fileEncoding = 4; lastKnownFileType = sourcecode.swift; name = SubNaviViewController.swift; path = ../../../../../.Trash/SubNaviViewController.swift; sourceTree = "<group>"; };
		06567F8A29C2D79A000ABF0D /* DetailViewController.swift */ = {isa = PBXFileReference; lastKnownFileType = sourcecode.swift; path = DetailViewController.swift; sourceTree = "<group>"; };
		06567F8B29C2D79A000ABF0D /* DetailViewController.xib */ = {isa = PBXFileReference; lastKnownFileType = file.xib; path = DetailViewController.xib; sourceTree = "<group>"; };
		065C40D629C0515D00AD1FC9 /* MainNaviViewController.swift */ = {isa = PBXFileReference; lastKnownFileType = sourcecode.swift; path = MainNaviViewController.swift; sourceTree = "<group>"; };
		065C40DA29C0658800AD1FC9 /* MainTableHeaderView.swift */ = {isa = PBXFileReference; lastKnownFileType = sourcecode.swift; path = MainTableHeaderView.swift; sourceTree = "<group>"; };
		065C40DE29C070F200AD1FC9 /* MainCell.swift */ = {isa = PBXFileReference; lastKnownFileType = sourcecode.swift; path = MainCell.swift; sourceTree = "<group>"; };
		065C40DF29C070F200AD1FC9 /* MainCell.xib */ = {isa = PBXFileReference; lastKnownFileType = file.xib; path = MainCell.xib; sourceTree = "<group>"; };
		06F2479129C03BA000932DFC /* NetfilxClone.app */ = {isa = PBXFileReference; explicitFileType = wrapper.application; includeInIndex = 0; path = NetfilxClone.app; sourceTree = BUILT_PRODUCTS_DIR; };
		06F2479429C03BA000932DFC /* AppDelegate.swift */ = {isa = PBXFileReference; lastKnownFileType = sourcecode.swift; path = AppDelegate.swift; sourceTree = "<group>"; };
		06F2479629C03BA000932DFC /* SceneDelegate.swift */ = {isa = PBXFileReference; lastKnownFileType = sourcecode.swift; path = SceneDelegate.swift; sourceTree = "<group>"; };
		06F2479829C03BA000932DFC /* MainViewController.swift */ = {isa = PBXFileReference; lastKnownFileType = sourcecode.swift; path = MainViewController.swift; sourceTree = "<group>"; };
		06F2479B29C03BA000932DFC /* Base */ = {isa = PBXFileReference; lastKnownFileType = file.storyboard; name = Base; path = Base.lproj/TabMain.storyboard; sourceTree = "<group>"; };
		06F2479D29C03BA100932DFC /* Assets.xcassets */ = {isa = PBXFileReference; lastKnownFileType = folder.assetcatalog; path = Assets.xcassets; sourceTree = "<group>"; };
		06F247A029C03BA100932DFC /* Base */ = {isa = PBXFileReference; lastKnownFileType = file.storyboard; name = Base; path = Base.lproj/LaunchScreen.storyboard; sourceTree = "<group>"; };
		06F247A229C03BA100932DFC /* Info.plist */ = {isa = PBXFileReference; lastKnownFileType = text.plist.xml; path = Info.plist; sourceTree = "<group>"; };
		06F247A729C03BA100932DFC /* NetfilxCloneTests.xctest */ = {isa = PBXFileReference; explicitFileType = wrapper.cfbundle; includeInIndex = 0; path = NetfilxCloneTests.xctest; sourceTree = BUILT_PRODUCTS_DIR; };
		06F247AB29C03BA100932DFC /* NetfilxCloneTests.swift */ = {isa = PBXFileReference; lastKnownFileType = sourcecode.swift; path = NetfilxCloneTests.swift; sourceTree = "<group>"; };
		06F247B129C03BA100932DFC /* NetfilxCloneUITests.xctest */ = {isa = PBXFileReference; explicitFileType = wrapper.cfbundle; includeInIndex = 0; path = NetfilxCloneUITests.xctest; sourceTree = BUILT_PRODUCTS_DIR; };
		06F247B529C03BA100932DFC /* NetfilxCloneUITests.swift */ = {isa = PBXFileReference; lastKnownFileType = sourcecode.swift; path = NetfilxCloneUITests.swift; sourceTree = "<group>"; };
		06F247B729C03BA100932DFC /* NetfilxCloneUITestsLaunchTests.swift */ = {isa = PBXFileReference; lastKnownFileType = sourcecode.swift; path = NetfilxCloneUITestsLaunchTests.swift; sourceTree = "<group>"; };
		06F247C729C03ED700932DFC /* Main.storyboard */ = {isa = PBXFileReference; lastKnownFileType = file.storyboard; path = Main.storyboard; sourceTree = "<group>"; };
		06F247C929C03F0C00932DFC /* SubViewController.swift */ = {isa = PBXFileReference; lastKnownFileType = sourcecode.swift; path = SubViewController.swift; sourceTree = "<group>"; };
		06F247CB29C03F1F00932DFC /* Sub.storyboard */ = {isa = PBXFileReference; lastKnownFileType = file.storyboard; path = Sub.storyboard; sourceTree = "<group>"; };
		06F247CF29C0405000932DFC /* TabMainViewController.swift */ = {isa = PBXFileReference; lastKnownFileType = sourcecode.swift; path = TabMainViewController.swift; sourceTree = "<group>"; };
/* End PBXFileReference section */

/* Begin PBXFrameworksBuildPhase section */
		06F2478E29C03BA000932DFC /* Frameworks */ = {
			isa = PBXFrameworksBuildPhase;
			buildActionMask = 2147483647;
			files = (
			);
			runOnlyForDeploymentPostprocessing = 0;
		};
		06F247A429C03BA100932DFC /* Frameworks */ = {
			isa = PBXFrameworksBuildPhase;
			buildActionMask = 2147483647;
			files = (
			);
			runOnlyForDeploymentPostprocessing = 0;
		};
		06F247AE29C03BA100932DFC /* Frameworks */ = {
			isa = PBXFrameworksBuildPhase;
			buildActionMask = 2147483647;
			files = (
			);
			runOnlyForDeploymentPostprocessing = 0;
		};
/* End PBXFrameworksBuildPhase section */

/* Begin PBXGroup section */
		064794A029C073AC001B40C0 /* horizontal */ = {
			isa = PBXGroup;
			children = (
				0647949C29C073A6001B40C0 /* MainCollectionViewCell.swift */,
				0647949D29C073A6001B40C0 /* MainCollectionViewCell.xib */,
			);
			path = horizontal;
			sourceTree = "<group>";
		};
		064794A129C1560B001B40C0 /* Network */ = {
			isa = PBXGroup;
			children = (
				064794A229C15623001B40C0 /* MovieModel.swift */,
				064794A429C157D3001B40C0 /* NetworkLayer.swift */,
				06567F7929C16A69000ABF0D /* TypeInfo.swift */,
			);
			path = Network;
			sourceTree = "<group>";
		};
		06567F7D29C19C4F000ABF0D /* TableHeader */ = {
			isa = PBXGroup;
			children = (
				06567F7B29C19C3F000ABF0D /* MainTableViewHeaderView.swift */,
			);
			path = TableHeader;
			sourceTree = "<group>";
		};
		06567F7E29C1A496000ABF0D /* SubCell */ = {
			isa = PBXGroup;
			children = (
				06567F7F29C1A4C6000ABF0D /* SubCell.swift */,
			);
			path = SubCell;
			sourceTree = "<group>";
		};
		06567F8729C2D766000ABF0D /* Detail */ = {
			isa = PBXGroup;
			children = (
				06567F8A29C2D79A000ABF0D /* DetailViewController.swift */,
				06567F8B29C2D79A000ABF0D /* DetailViewController.xib */,
			);
			path = Detail;
			sourceTree = "<group>";
		};
		065C40E229C070FB00AD1FC9 /* MainCell */ = {
			isa = PBXGroup;
			children = (
				065C40DE29C070F200AD1FC9 /* MainCell.swift */,
				065C40DF29C070F200AD1FC9 /* MainCell.xib */,
				064794A029C073AC001B40C0 /* horizontal */,
			);
			path = MainCell;
			sourceTree = "<group>";
		};
		06F2478829C03BA000932DFC = {
			isa = PBXGroup;
			children = (
				06F2479329C03BA000932DFC /* NetfilxClone */,
				06F247AA29C03BA100932DFC /* NetfilxCloneTests */,
				06F247B429C03BA100932DFC /* NetfilxCloneUITests */,
				06F2479229C03BA000932DFC /* Products */,
			);
			sourceTree = "<group>";
		};
		06F2479229C03BA000932DFC /* Products */ = {
			isa = PBXGroup;
			children = (
				06F2479129C03BA000932DFC /* NetfilxClone.app */,
				06F247A729C03BA100932DFC /* NetfilxCloneTests.xctest */,
				06F247B129C03BA100932DFC /* NetfilxCloneUITests.xctest */,
			);
			name = Products;
			sourceTree = "<group>";
		};
		06F2479329C03BA000932DFC /* NetfilxClone */ = {
			isa = PBXGroup;
			children = (
				06567F8729C2D766000ABF0D /* Detail */,
				064794A129C1560B001B40C0 /* Network */,
				06F247CE29C03F6300932DFC /* TabMain */,
				06F247C429C03E3900932DFC /* Main */,
				06F247C629C03E4500932DFC /* Sub */,
				06F247A229C03BA100932DFC /* Info.plist */,
				06F2479D29C03BA100932DFC /* Assets.xcassets */,
				06F2479F29C03BA100932DFC /* LaunchScreen.storyboard */,
				06F2479629C03BA000932DFC /* SceneDelegate.swift */,
				06F2479429C03BA000932DFC /* AppDelegate.swift */,
			);
			path = NetfilxClone;
			sourceTree = "<group>";
		};
		06F247AA29C03BA100932DFC /* NetfilxCloneTests */ = {
			isa = PBXGroup;
			children = (
				06F247AB29C03BA100932DFC /* NetfilxCloneTests.swift */,
			);
			path = NetfilxCloneTests;
			sourceTree = "<group>";
		};
		06F247B429C03BA100932DFC /* NetfilxCloneUITests */ = {
			isa = PBXGroup;
			children = (
				06F247B529C03BA100932DFC /* NetfilxCloneUITests.swift */,
				06F247B729C03BA100932DFC /* NetfilxCloneUITestsLaunchTests.swift */,
			);
			path = NetfilxCloneUITests;
			sourceTree = "<group>";
		};
		06F247C429C03E3900932DFC /* Main */ = {
			isa = PBXGroup;
			children = (
				06567F7D29C19C4F000ABF0D /* TableHeader */,
				06F2479829C03BA000932DFC /* MainViewController.swift */,
				065C40DA29C0658800AD1FC9 /* MainTableHeaderView.swift */,
				06F247C729C03ED700932DFC /* Main.storyboard */,
				065C40D629C0515D00AD1FC9 /* MainNaviViewController.swift */,
				065C40E229C070FB00AD1FC9 /* MainCell */,
			);
			path = Main;
			sourceTree = "<group>";
		};
		06F247C629C03E4500932DFC /* Sub */ = {
			isa = PBXGroup;
			children = (
				06567F7E29C1A496000ABF0D /* SubCell */,
				06F247C929C03F0C00932DFC /* SubViewController.swift */,
				06F247CB29C03F1F00932DFC /* Sub.storyboard */,
				06567F8329C1C78F000ABF0D /* DateHeaderView.swift */,
				06567F8529C2BF1B000ABF0D /* SubNaviViewController.swift */,
			);
			path = Sub;
			sourceTree = "<group>";
		};
		06F247CE29C03F6300932DFC /* TabMain */ = {
			isa = PBXGroup;
			children = (
				06F2479A29C03BA000932DFC /* TabMain.storyboard */,
				06F247CF29C0405000932DFC /* TabMainViewController.swift */,
			);
			path = TabMain;
			sourceTree = "<group>";
		};
/* End PBXGroup section */

/* Begin PBXNativeTarget section */
		06F2479029C03BA000932DFC /* NetfilxClone */ = {
			isa = PBXNativeTarget;
			buildConfigurationList = 06F247BB29C03BA100932DFC /* Build configuration list for PBXNativeTarget "NetfilxClone" */;
			buildPhases = (
				06F2478D29C03BA000932DFC /* Sources */,
				06F2478E29C03BA000932DFC /* Frameworks */,
				06F2478F29C03BA000932DFC /* Resources */,
			);
			buildRules = (
			);
			dependencies = (
			);
			name = NetfilxClone;
			productName = NetfilxClone;
			productReference = 06F2479129C03BA000932DFC /* NetfilxClone.app */;
			productType = "com.apple.product-type.application";
		};
		06F247A629C03BA100932DFC /* NetfilxCloneTests */ = {
			isa = PBXNativeTarget;
			buildConfigurationList = 06F247BE29C03BA100932DFC /* Build configuration list for PBXNativeTarget "NetfilxCloneTests" */;
			buildPhases = (
				06F247A329C03BA100932DFC /* Sources */,
				06F247A429C03BA100932DFC /* Frameworks */,
				06F247A529C03BA100932DFC /* Resources */,
			);
			buildRules = (
			);
			dependencies = (
				06F247A929C03BA100932DFC /* PBXTargetDependency */,
			);
			name = NetfilxCloneTests;
			productName = NetfilxCloneTests;
			productReference = 06F247A729C03BA100932DFC /* NetfilxCloneTests.xctest */;
			productType = "com.apple.product-type.bundle.unit-test";
		};
		06F247B029C03BA100932DFC /* NetfilxCloneUITests */ = {
			isa = PBXNativeTarget;
			buildConfigurationList = 06F247C129C03BA100932DFC /* Build configuration list for PBXNativeTarget "NetfilxCloneUITests" */;
			buildPhases = (
				06F247AD29C03BA100932DFC /* Sources */,
				06F247AE29C03BA100932DFC /* Frameworks */,
				06F247AF29C03BA100932DFC /* Resources */,
			);
			buildRules = (
			);
			dependencies = (
				06F247B329C03BA100932DFC /* PBXTargetDependency */,
			);
			name = NetfilxCloneUITests;
			productName = NetfilxCloneUITests;
			productReference = 06F247B129C03BA100932DFC /* NetfilxCloneUITests.xctest */;
			productType = "com.apple.product-type.bundle.ui-testing";
		};
/* End PBXNativeTarget section */

/* Begin PBXProject section */
		06F2478929C03BA000932DFC /* Project object */ = {
			isa = PBXProject;
			attributes = {
				BuildIndependentTargetsInParallel = 1;
				LastSwiftUpdateCheck = 1420;
				LastUpgradeCheck = 1420;
				TargetAttributes = {
					06F2479029C03BA000932DFC = {
						CreatedOnToolsVersion = 14.2;
					};
					06F247A629C03BA100932DFC = {
						CreatedOnToolsVersion = 14.2;
						TestTargetID = 06F2479029C03BA000932DFC;
					};
					06F247B029C03BA100932DFC = {
						CreatedOnToolsVersion = 14.2;
						TestTargetID = 06F2479029C03BA000932DFC;
					};
				};
			};
			buildConfigurationList = 06F2478C29C03BA000932DFC /* Build configuration list for PBXProject "NetfilxClone" */;
			compatibilityVersion = "Xcode 14.0";
			developmentRegion = en;
			hasScannedForEncodings = 0;
			knownRegions = (
				en,
				Base,
			);
			mainGroup = 06F2478829C03BA000932DFC;
			productRefGroup = 06F2479229C03BA000932DFC /* Products */;
			projectDirPath = "";
			projectRoot = "";
			targets = (
				06F2479029C03BA000932DFC /* NetfilxClone */,
				06F247A629C03BA100932DFC /* NetfilxCloneTests */,
				06F247B029C03BA100932DFC /* NetfilxCloneUITests */,
			);
		};
/* End PBXProject section */

/* Begin PBXResourcesBuildPhase section */
		06F2478F29C03BA000932DFC /* Resources */ = {
			isa = PBXResourcesBuildPhase;
			buildActionMask = 2147483647;
			files = (
				06F247A129C03BA100932DFC /* LaunchScreen.storyboard in Resources */,
				06F2479E29C03BA100932DFC /* Assets.xcassets in Resources */,
				065C40E129C070F200AD1FC9 /* MainCell.xib in Resources */,
				06567F8D29C2D79A000ABF0D /* DetailViewController.xib in Resources */,
				06F247CC29C03F1F00932DFC /* Sub.storyboard in Resources */,
				06F2479C29C03BA000932DFC /* TabMain.storyboard in Resources */,
				06F247C829C03ED700932DFC /* Main.storyboard in Resources */,
				0647949F29C073A6001B40C0 /* MainCollectionViewCell.xib in Resources */,
			);
			runOnlyForDeploymentPostprocessing = 0;
		};
		06F247A529C03BA100932DFC /* Resources */ = {
			isa = PBXResourcesBuildPhase;
			buildActionMask = 2147483647;
			files = (
			);
			runOnlyForDeploymentPostprocessing = 0;
		};
		06F247AF29C03BA100932DFC /* Resources */ = {
			isa = PBXResourcesBuildPhase;
			buildActionMask = 2147483647;
			files = (
			);
			runOnlyForDeploymentPostprocessing = 0;
		};
/* End PBXResourcesBuildPhase section */

/* Begin PBXSourcesBuildPhase section */
		06F2478D29C03BA000932DFC /* Sources */ = {
			isa = PBXSourcesBuildPhase;
			buildActionMask = 2147483647;
			files = (
				06567F7C29C19C3F000ABF0D /* MainTableViewHeaderView.swift in Sources */,
				06567F8C29C2D79A000ABF0D /* DetailViewController.swift in Sources */,
				06567F8429C1C78F000ABF0D /* DateHeaderView.swift in Sources */,
				064794A329C15623001B40C0 /* MovieModel.swift in Sources */,
				06567F8029C1A4C6000ABF0D /* SubCell.swift in Sources */,
				06F247D029C0405000932DFC /* TabMainViewController.swift in Sources */,
				06F2479929C03BA000932DFC /* MainViewController.swift in Sources */,
				064794A529C157D3001B40C0 /* NetworkLayer.swift in Sources */,
				06F2479529C03BA000932DFC /* AppDelegate.swift in Sources */,
				06F2479729C03BA000932DFC /* SceneDelegate.swift in Sources */,
				06F247CA29C03F0C00932DFC /* SubViewController.swift in Sources */,
				065C40DB29C0658800AD1FC9 /* MainTableHeaderView.swift in Sources */,
				06567F7A29C16A69000ABF0D /* TypeInfo.swift in Sources */,
				0647949E29C073A6001B40C0 /* MainCollectionViewCell.swift in Sources */,
				06567F8629C2BF1B000ABF0D /* SubNaviViewController.swift in Sources */,
				065C40D729C0515D00AD1FC9 /* MainNaviViewController.swift in Sources */,
				065C40E029C070F200AD1FC9 /* MainCell.swift in Sources */,
			);
			runOnlyForDeploymentPostprocessing = 0;
		};
		06F247A329C03BA100932DFC /* Sources */ = {
			isa = PBXSourcesBuildPhase;
			buildActionMask = 2147483647;
			files = (
				06F247AC29C03BA100932DFC /* NetfilxCloneTests.swift in Sources */,
			);
			runOnlyForDeploymentPostprocessing = 0;
		};
		06F247AD29C03BA100932DFC /* Sources */ = {
			isa = PBXSourcesBuildPhase;
			buildActionMask = 2147483647;
			files = (
				06F247B629C03BA100932DFC /* NetfilxCloneUITests.swift in Sources */,
				06F247B829C03BA100932DFC /* NetfilxCloneUITestsLaunchTests.swift in Sources */,
			);
			runOnlyForDeploymentPostprocessing = 0;
		};
/* End PBXSourcesBuildPhase section */

/* Begin PBXTargetDependency section */
		06F247A929C03BA100932DFC /* PBXTargetDependency */ = {
			isa = PBXTargetDependency;
			target = 06F2479029C03BA000932DFC /* NetfilxClone */;
			targetProxy = 06F247A829C03BA100932DFC /* PBXContainerItemProxy */;
		};
		06F247B329C03BA100932DFC /* PBXTargetDependency */ = {
			isa = PBXTargetDependency;
			target = 06F2479029C03BA000932DFC /* NetfilxClone */;
			targetProxy = 06F247B229C03BA100932DFC /* PBXContainerItemProxy */;
		};
/* End PBXTargetDependency section */

/* Begin PBXVariantGroup section */
		06F2479A29C03BA000932DFC /* TabMain.storyboard */ = {
			isa = PBXVariantGroup;
			children = (
				06F2479B29C03BA000932DFC /* Base */,
			);
			name = TabMain.storyboard;
			sourceTree = "<group>";
		};
		06F2479F29C03BA100932DFC /* LaunchScreen.storyboard */ = {
			isa = PBXVariantGroup;
			children = (
				06F247A029C03BA100932DFC /* Base */,
			);
			name = LaunchScreen.storyboard;
			sourceTree = "<group>";
		};
/* End PBXVariantGroup section */

/* Begin XCBuildConfiguration section */
		06F247B929C03BA100932DFC /* Debug */ = {
			isa = XCBuildConfiguration;
			buildSettings = {
				ALWAYS_SEARCH_USER_PATHS = NO;
				CLANG_ANALYZER_NONNULL = YES;
				CLANG_ANALYZER_NUMBER_OBJECT_CONVERSION = YES_AGGRESSIVE;
				CLANG_CXX_LANGUAGE_STANDARD = "gnu++20";
				CLANG_ENABLE_MODULES = YES;
				CLANG_ENABLE_OBJC_ARC = YES;
				CLANG_ENABLE_OBJC_WEAK = YES;
				CLANG_WARN_BLOCK_CAPTURE_AUTORELEASING = YES;
				CLANG_WARN_BOOL_CONVERSION = YES;
				CLANG_WARN_COMMA = YES;
				CLANG_WARN_CONSTANT_CONVERSION = YES;
				CLANG_WARN_DEPRECATED_OBJC_IMPLEMENTATIONS = YES;
				CLANG_WARN_DIRECT_OBJC_ISA_USAGE = YES_ERROR;
				CLANG_WARN_DOCUMENTATION_COMMENTS = YES;
				CLANG_WARN_EMPTY_BODY = YES;
				CLANG_WARN_ENUM_CONVERSION = YES;
				CLANG_WARN_INFINITE_RECURSION = YES;
				CLANG_WARN_INT_CONVERSION = YES;
				CLANG_WARN_NON_LITERAL_NULL_CONVERSION = YES;
				CLANG_WARN_OBJC_IMPLICIT_RETAIN_SELF = YES;
				CLANG_WARN_OBJC_LITERAL_CONVERSION = YES;
				CLANG_WARN_OBJC_ROOT_CLASS = YES_ERROR;
				CLANG_WARN_QUOTED_INCLUDE_IN_FRAMEWORK_HEADER = YES;
				CLANG_WARN_RANGE_LOOP_ANALYSIS = YES;
				CLANG_WARN_STRICT_PROTOTYPES = YES;
				CLANG_WARN_SUSPICIOUS_MOVE = YES;
				CLANG_WARN_UNGUARDED_AVAILABILITY = YES_AGGRESSIVE;
				CLANG_WARN_UNREACHABLE_CODE = YES;
				CLANG_WARN__DUPLICATE_METHOD_MATCH = YES;
				COPY_PHASE_STRIP = NO;
				DEBUG_INFORMATION_FORMAT = dwarf;
				ENABLE_STRICT_OBJC_MSGSEND = YES;
				ENABLE_TESTABILITY = YES;
				GCC_C_LANGUAGE_STANDARD = gnu11;
				GCC_DYNAMIC_NO_PIC = NO;
				GCC_NO_COMMON_BLOCKS = YES;
				GCC_OPTIMIZATION_LEVEL = 0;
				GCC_PREPROCESSOR_DEFINITIONS = (
					"DEBUG=1",
					"$(inherited)",
				);
				GCC_WARN_64_TO_32_BIT_CONVERSION = YES;
				GCC_WARN_ABOUT_RETURN_TYPE = YES_ERROR;
				GCC_WARN_UNDECLARED_SELECTOR = YES;
				GCC_WARN_UNINITIALIZED_AUTOS = YES_AGGRESSIVE;
				GCC_WARN_UNUSED_FUNCTION = YES;
				GCC_WARN_UNUSED_VARIABLE = YES;
				IPHONEOS_DEPLOYMENT_TARGET = 16.2;
				MTL_ENABLE_DEBUG_INFO = INCLUDE_SOURCE;
				MTL_FAST_MATH = YES;
				ONLY_ACTIVE_ARCH = YES;
				SDKROOT = iphoneos;
				SWIFT_ACTIVE_COMPILATION_CONDITIONS = DEBUG;
				SWIFT_OPTIMIZATION_LEVEL = "-Onone";
			};
			name = Debug;
		};
		06F247BA29C03BA100932DFC /* Release */ = {
			isa = XCBuildConfiguration;
			buildSettings = {
				ALWAYS_SEARCH_USER_PATHS = NO;
				CLANG_ANALYZER_NONNULL = YES;
				CLANG_ANALYZER_NUMBER_OBJECT_CONVERSION = YES_AGGRESSIVE;
				CLANG_CXX_LANGUAGE_STANDARD = "gnu++20";
				CLANG_ENABLE_MODULES = YES;
				CLANG_ENABLE_OBJC_ARC = YES;
				CLANG_ENABLE_OBJC_WEAK = YES;
				CLANG_WARN_BLOCK_CAPTURE_AUTORELEASING = YES;
				CLANG_WARN_BOOL_CONVERSION = YES;
				CLANG_WARN_COMMA = YES;
				CLANG_WARN_CONSTANT_CONVERSION = YES;
				CLANG_WARN_DEPRECATED_OBJC_IMPLEMENTATIONS = YES;
				CLANG_WARN_DIRECT_OBJC_ISA_USAGE = YES_ERROR;
				CLANG_WARN_DOCUMENTATION_COMMENTS = YES;
				CLANG_WARN_EMPTY_BODY = YES;
				CLANG_WARN_ENUM_CONVERSION = YES;
				CLANG_WARN_INFINITE_RECURSION = YES;
				CLANG_WARN_INT_CONVERSION = YES;
				CLANG_WARN_NON_LITERAL_NULL_CONVERSION = YES;
				CLANG_WARN_OBJC_IMPLICIT_RETAIN_SELF = YES;
				CLANG_WARN_OBJC_LITERAL_CONVERSION = YES;
				CLANG_WARN_OBJC_ROOT_CLASS = YES_ERROR;
				CLANG_WARN_QUOTED_INCLUDE_IN_FRAMEWORK_HEADER = YES;
				CLANG_WARN_RANGE_LOOP_ANALYSIS = YES;
				CLANG_WARN_STRICT_PROTOTYPES = YES;
				CLANG_WARN_SUSPICIOUS_MOVE = YES;
				CLANG_WARN_UNGUARDED_AVAILABILITY = YES_AGGRESSIVE;
				CLANG_WARN_UNREACHABLE_CODE = YES;
				CLANG_WARN__DUPLICATE_METHOD_MATCH = YES;
				COPY_PHASE_STRIP = NO;
				DEBUG_INFORMATION_FORMAT = "dwarf-with-dsym";
				ENABLE_NS_ASSERTIONS = NO;
				ENABLE_STRICT_OBJC_MSGSEND = YES;
				GCC_C_LANGUAGE_STANDARD = gnu11;
				GCC_NO_COMMON_BLOCKS = YES;
				GCC_WARN_64_TO_32_BIT_CONVERSION = YES;
				GCC_WARN_ABOUT_RETURN_TYPE = YES_ERROR;
				GCC_WARN_UNDECLARED_SELECTOR = YES;
				GCC_WARN_UNINITIALIZED_AUTOS = YES_AGGRESSIVE;
				GCC_WARN_UNUSED_FUNCTION = YES;
				GCC_WARN_UNUSED_VARIABLE = YES;
				IPHONEOS_DEPLOYMENT_TARGET = 16.2;
				MTL_ENABLE_DEBUG_INFO = NO;
				MTL_FAST_MATH = YES;
				SDKROOT = iphoneos;
				SWIFT_COMPILATION_MODE = wholemodule;
				SWIFT_OPTIMIZATION_LEVEL = "-O";
				VALIDATE_PRODUCT = YES;
			};
			name = Release;
		};
		06F247BC29C03BA100932DFC /* Debug */ = {
			isa = XCBuildConfiguration;
			buildSettings = {
				ASSETCATALOG_COMPILER_APPICON_NAME = AppIcon;
				ASSETCATALOG_COMPILER_GLOBAL_ACCENT_COLOR_NAME = AccentColor;
				CODE_SIGN_STYLE = Automatic;
				CURRENT_PROJECT_VERSION = 1;
				GENERATE_INFOPLIST_FILE = YES;
				INFOPLIST_FILE = NetfilxClone/Info.plist;
				INFOPLIST_KEY_UIApplicationSupportsIndirectInputEvents = YES;
				INFOPLIST_KEY_UILaunchStoryboardName = LaunchScreen;
				INFOPLIST_KEY_UIMainStoryboardFile = TabMain;
				INFOPLIST_KEY_UISupportedInterfaceOrientations_iPad = "UIInterfaceOrientationPortrait UIInterfaceOrientationPortraitUpsideDown UIInterfaceOrientationLandscapeLeft UIInterfaceOrientationLandscapeRight";
				INFOPLIST_KEY_UISupportedInterfaceOrientations_iPhone = "UIInterfaceOrientationPortrait UIInterfaceOrientationLandscapeLeft UIInterfaceOrientationLandscapeRight";
				LD_RUNPATH_SEARCH_PATHS = (
					"$(inherited)",
					"@executable_path/Frameworks",
				);
				MARKETING_VERSION = 1.0;
				PRODUCT_BUNDLE_IDENTIFIER = com.welgram.NetfilxClone;
				PRODUCT_NAME = "$(TARGET_NAME)";
				SWIFT_EMIT_LOC_STRINGS = YES;
				SWIFT_VERSION = 5.0;
				TARGETED_DEVICE_FAMILY = "1,2";
			};
			name = Debug;
		};
		06F247BD29C03BA100932DFC /* Release */ = {
			isa = XCBuildConfiguration;
			buildSettings = {
				ASSETCATALOG_COMPILER_APPICON_NAME = AppIcon;
				ASSETCATALOG_COMPILER_GLOBAL_ACCENT_COLOR_NAME = AccentColor;
				CODE_SIGN_STYLE = Automatic;
				CURRENT_PROJECT_VERSION = 1;
				GENERATE_INFOPLIST_FILE = YES;
				INFOPLIST_FILE = NetfilxClone/Info.plist;
				INFOPLIST_KEY_UIApplicationSupportsIndirectInputEvents = YES;
				INFOPLIST_KEY_UILaunchStoryboardName = LaunchScreen;
				INFOPLIST_KEY_UIMainStoryboardFile = TabMain;
				INFOPLIST_KEY_UISupportedInterfaceOrientations_iPad = "UIInterfaceOrientationPortrait UIInterfaceOrientationPortraitUpsideDown UIInterfaceOrientationLandscapeLeft UIInterfaceOrientationLandscapeRight";
				INFOPLIST_KEY_UISupportedInterfaceOrientations_iPhone = "UIInterfaceOrientationPortrait UIInterfaceOrientationLandscapeLeft UIInterfaceOrientationLandscapeRight";
				LD_RUNPATH_SEARCH_PATHS = (
					"$(inherited)",
					"@executable_path/Frameworks",
				);
				MARKETING_VERSION = 1.0;
				PRODUCT_BUNDLE_IDENTIFIER = com.welgram.NetfilxClone;
				PRODUCT_NAME = "$(TARGET_NAME)";
				SWIFT_EMIT_LOC_STRINGS = YES;
				SWIFT_VERSION = 5.0;
				TARGETED_DEVICE_FAMILY = "1,2";
			};
			name = Release;
		};
		06F247BF29C03BA100932DFC /* Debug */ = {
			isa = XCBuildConfiguration;
			buildSettings = {
				ALWAYS_EMBED_SWIFT_STANDARD_LIBRARIES = YES;
				BUNDLE_LOADER = "$(TEST_HOST)";
				CODE_SIGN_STYLE = Automatic;
				CURRENT_PROJECT_VERSION = 1;
				GENERATE_INFOPLIST_FILE = YES;
				IPHONEOS_DEPLOYMENT_TARGET = 16.2;
				MARKETING_VERSION = 1.0;
				PRODUCT_BUNDLE_IDENTIFIER = com.welgram.NetfilxCloneTests;
				PRODUCT_NAME = "$(TARGET_NAME)";
				SWIFT_EMIT_LOC_STRINGS = NO;
				SWIFT_VERSION = 5.0;
				TARGETED_DEVICE_FAMILY = "1,2";
				TEST_HOST = "$(BUILT_PRODUCTS_DIR)/NetfilxClone.app/$(BUNDLE_EXECUTABLE_FOLDER_PATH)/NetfilxClone";
			};
			name = Debug;
		};
		06F247C029C03BA100932DFC /* Release */ = {
			isa = XCBuildConfiguration;
			buildSettings = {
				ALWAYS_EMBED_SWIFT_STANDARD_LIBRARIES = YES;
				BUNDLE_LOADER = "$(TEST_HOST)";
				CODE_SIGN_STYLE = Automatic;
				CURRENT_PROJECT_VERSION = 1;
				GENERATE_INFOPLIST_FILE = YES;
				IPHONEOS_DEPLOYMENT_TARGET = 16.2;
				MARKETING_VERSION = 1.0;
				PRODUCT_BUNDLE_IDENTIFIER = com.welgram.NetfilxCloneTests;
				PRODUCT_NAME = "$(TARGET_NAME)";
				SWIFT_EMIT_LOC_STRINGS = NO;
				SWIFT_VERSION = 5.0;
				TARGETED_DEVICE_FAMILY = "1,2";
				TEST_HOST = "$(BUILT_PRODUCTS_DIR)/NetfilxClone.app/$(BUNDLE_EXECUTABLE_FOLDER_PATH)/NetfilxClone";
			};
			name = Release;
		};
		06F247C229C03BA100932DFC /* Debug */ = {
			isa = XCBuildConfiguration;
			buildSettings = {
				ALWAYS_EMBED_SWIFT_STANDARD_LIBRARIES = YES;
				CODE_SIGN_STYLE = Automatic;
				CURRENT_PROJECT_VERSION = 1;
				GENERATE_INFOPLIST_FILE = YES;
				MARKETING_VERSION = 1.0;
				PRODUCT_BUNDLE_IDENTIFIER = com.welgram.NetfilxCloneUITests;
				PRODUCT_NAME = "$(TARGET_NAME)";
				SWIFT_EMIT_LOC_STRINGS = NO;
				SWIFT_VERSION = 5.0;
				TARGETED_DEVICE_FAMILY = "1,2";
				TEST_TARGET_NAME = NetfilxClone;
			};
			name = Debug;
		};
		06F247C329C03BA100932DFC /* Release */ = {
			isa = XCBuildConfiguration;
			buildSettings = {
				ALWAYS_EMBED_SWIFT_STANDARD_LIBRARIES = YES;
				CODE_SIGN_STYLE = Automatic;
				CURRENT_PROJECT_VERSION = 1;
				GENERATE_INFOPLIST_FILE = YES;
				MARKETING_VERSION = 1.0;
				PRODUCT_BUNDLE_IDENTIFIER = com.welgram.NetfilxCloneUITests;
				PRODUCT_NAME = "$(TARGET_NAME)";
				SWIFT_EMIT_LOC_STRINGS = NO;
				SWIFT_VERSION = 5.0;
				TARGETED_DEVICE_FAMILY = "1,2";
				TEST_TARGET_NAME = NetfilxClone;
			};
			name = Release;
		};
/* End XCBuildConfiguration section */

/* Begin XCConfigurationList section */
		06F2478C29C03BA000932DFC /* Build configuration list for PBXProject "NetfilxClone" */ = {
			isa = XCConfigurationList;
			buildConfigurations = (
				06F247B929C03BA100932DFC /* Debug */,
				06F247BA29C03BA100932DFC /* Release */,
			);
			defaultConfigurationIsVisible = 0;
			defaultConfigurationName = Release;
		};
		06F247BB29C03BA100932DFC /* Build configuration list for PBXNativeTarget "NetfilxClone" */ = {
			isa = XCConfigurationList;
			buildConfigurations = (
				06F247BC29C03BA100932DFC /* Debug */,
				06F247BD29C03BA100932DFC /* Release */,
			);
			defaultConfigurationIsVisible = 0;
			defaultConfigurationName = Release;
		};
		06F247BE29C03BA100932DFC /* Build configuration list for PBXNativeTarget "NetfilxCloneTests" */ = {
			isa = XCConfigurationList;
			buildConfigurations = (
				06F247BF29C03BA100932DFC /* Debug */,
				06F247C029C03BA100932DFC /* Release */,
			);
			defaultConfigurationIsVisible = 0;
			defaultConfigurationName = Release;
		};
		06F247C129C03BA100932DFC /* Build configuration list for PBXNativeTarget "NetfilxCloneUITests" */ = {
			isa = XCConfigurationList;
			buildConfigurations = (
				06F247C229C03BA100932DFC /* Debug */,
				06F247C329C03BA100932DFC /* Release */,
			);
			defaultConfigurationIsVisible = 0;
			defaultConfigurationName = Release;
		};
/* End XCConfigurationList section */
	};
	rootObject = 06F2478929C03BA000932DFC /* Project object */;
}
